Microsoft Visual Studio Solution File, Format Version 7.00
Project("{8BC9CEB8-8B4A-11D0-8D11-00A0C91BC942}") = "billiard", "billiard.vcproj", "{A5AFFF49-0804-41AE-A1CA-B0101966C7DA}"
EndProject
Project("{8BC9CEB8-8B4A-11D0-8D11-00A0C91BC942}") = "clib", "..\..\home\clib\clib.vcproj", "{B3567DC6-FF5F-4FE2-94BC-F52B8DD0C2BC}"
EndProject
Project("{8BC9CEB8-8B4A-11D0-8D11-00A0C91BC942}") = "cpplib", "..\..\home\cpplib\cpplib.vcproj", "{45362A64-D8AA-45D7-B602-50E0AEA7426C}"
EndProject
Project("{8BC9CEB8-8B4A-11D0-8D11-00A0C91BC942}") = "zlib", "..\zlib\projects\visualc6\zlib.vcproj", "{3DFA7E9D-06E8-431B-B063-93CD8BC2D2F5}"
EndProject
Global
	GlobalSection(SolutionConfiguration) = preSolution
		ConfigName.0 = Debug
		ConfigName.1 = DLL ASM Debug
		ConfigName.2 = DLL ASM Release
		ConfigName.3 = DLL Debug
		ConfigName.4 = DLL Release
		ConfigName.5 = LIB ASM Debug
		ConfigName.6 = LIB ASM Release
		ConfigName.7 = LIB Debug
		ConfigName.8 = LIB Release
		ConfigName.9 = Release
	EndGlobalSection
	GlobalSection(ProjectDependencies) = postSolution
		{A5AFFF49-0804-41AE-A1CA-B0101966C7DA}.0 = {B3567DC6-FF5F-4FE2-94BC-F52B8DD0C2BC}
		{A5AFFF49-0804-41AE-A1CA-B0101966C7DA}.1 = {45362A64-D8AA-45D7-B602-50E0AEA7426C}
		{A5AFFF49-0804-41AE-A1CA-B0101966C7DA}.2 = {3DFA7E9D-06E8-431B-B063-93CD8BC2D2F5}
	EndGlobalSection
	GlobalSection(ProjectConfiguration) = postSolution
		{A5AFFF49-0804-41AE-A1CA-B0101966C7DA}.Debug.ActiveCfg = Debug|Win32
		{A5AFFF49-0804-41AE-A1CA-B0101966C7DA}.Debug.Build.0 = Debug|Win32
		{A5AFFF49-0804-41AE-A1CA-B0101966C7DA}.DLL ASM Debug.ActiveCfg = Debug|Win32
		{A5AFFF49-0804-41AE-A1CA-B0101966C7DA}.DLL ASM Debug.Build.0 = Debug|Win32
		{A5AFFF49-0804-41AE-A1CA-B0101966C7DA}.DLL ASM Release.ActiveCfg = Release|Win32
		{A5AFFF49-0804-41AE-A1CA-B0101966C7DA}.DLL ASM Release.Build.0 = Release|Win32
		{A5AFFF49-0804-41AE-A1CA-B0101966C7DA}.DLL Debug.ActiveCfg = Debug|Win32
		{A5AFFF49-0804-41AE-A1CA-B0101966C7DA}.DLL Debug.Build.0 = Debug|Win32
		{A5AFFF49-0804-41AE-A1CA-B0101966C7DA}.DLL Release.ActiveCfg = Release|Win32
		{A5AFFF49-0804-41AE-A1CA-B0101966C7DA}.DLL Release.Build.0 = Release|Win32
		{A5AFFF49-0804-41AE-A1CA-B0101966C7DA}.LIB ASM Debug.ActiveCfg = Debug|Win32
		{A5AFFF49-0804-41AE-A1CA-B0101966C7DA}.LIB ASM Debug.Build.0 = Debug|Win32
		{A5AFFF49-0804-41AE-A1CA-B0101966C7DA}.LIB ASM Release.ActiveCfg = Release|Win32
		{A5AFFF49-0804-41AE-A1CA-B0101966C7DA}.LIB ASM Release.Build.0 = Release|Win32
		{A5AFFF49-0804-41AE-A1CA-B0101966C7DA}.LIB Debug.ActiveCfg = Debug|Win32
		{A5AFFF49-0804-41AE-A1CA-B0101966C7DA}.LIB Debug.Build.0 = Debug|Win32
		{A5AFFF49-0804-41AE-A1CA-B0101966C7DA}.LIB Release.ActiveCfg = Release|Win32
		{A5AFFF49-0804-41AE-A1CA-B0101966C7DA}.LIB Release.Build.0 = Release|Win32
		{A5AFFF49-0804-41AE-A1CA-B0101966C7DA}.Release.ActiveCfg = Release|Win32
		{A5AFFF49-0804-41AE-A1CA-B0101966C7DA}.Release.Build.0 = Release|Win32
		{B3567DC6-FF5F-4FE2-94BC-F52B8DD0C2BC}.Debug.ActiveCfg = Debug|Win32
		{B3567DC6-FF5F-4FE2-94BC-F52B8DD0C2BC}.Debug.Build.0 = Debug|Win32
		{B3567DC6-FF5F-4FE2-94BC-F52B8DD0C2BC}.DLL ASM Debug.ActiveCfg = Debug|Win32
		{B3567DC6-FF5F-4FE2-94BC-F52B8DD0C2BC}.DLL ASM Debug.Build.0 = Debug|Win32
		{B3567DC6-FF5F-4FE2-94BC-F52B8DD0C2BC}.DLL ASM Release.ActiveCfg = Release|Win32
		{B3567DC6-FF5F-4FE2-94BC-F52B8DD0C2BC}.DLL ASM Release.Build.0 = Release|Win32
		{B3567DC6-FF5F-4FE2-94BC-F52B8DD0C2BC}.DLL Debug.ActiveCfg = Debug|Win32
		{B3567DC6-FF5F-4FE2-94BC-F52B8DD0C2BC}.DLL Debug.Build.0 = Debug|Win32
		{B3567DC6-FF5F-4FE2-94BC-F52B8DD0C2BC}.DLL Release.ActiveCfg = Release|Win32
		{B3567DC6-FF5F-4FE2-94BC-F52B8DD0C2BC}.DLL Release.Build.0 = Release|Win32
		{B3567DC6-FF5F-4FE2-94BC-F52B8DD0C2BC}.LIB ASM Debug.ActiveCfg = Debug|Win32
		{B3567DC6-FF5F-4FE2-94BC-F52B8DD0C2BC}.LIB ASM Debug.Build.0 = Debug|Win32
		{B3567DC6-FF5F-4FE2-94BC-F52B8DD0C2BC}.LIB ASM Release.ActiveCfg = Release|Win32
		{B3567DC6-FF5F-4FE2-94BC-F52B8DD0C2BC}.LIB ASM Release.Build.0 = Release|Win32
		{B3567DC6-FF5F-4FE2-94BC-F52B8DD0C2BC}.LIB Debug.ActiveCfg = Debug|Win32
		{B3567DC6-FF5F-4FE2-94BC-F52B8DD0C2BC}.LIB Debug.Build.0 = Debug|Win32
		{B3567DC6-FF5F-4FE2-94BC-F52B8DD0C2BC}.LIB Release.ActiveCfg = Release|Win32
		{B3567DC6-FF5F-4FE2-94BC-F52B8DD0C2BC}.LIB Release.Build.0 = Release|Win32
		{B3567DC6-FF5F-4FE2-94BC-F52B8DD0C2BC}.Release.ActiveCfg = Release|Win32
		{B3567DC6-FF5F-4FE2-94BC-F52B8DD0C2BC}.Release.Build.0 = Release|Win32
		{45362A64-D8AA-45D7-B602-50E0AEA7426C}.Debug.ActiveCfg = Debug|Win32
		{45362A64-D8AA-45D7-B602-50E0AEA7426C}.Debug.Build.0 = Debug|Win32
		{45362A64-D8AA-45D7-B602-50E0AEA7426C}.DLL ASM Debug.ActiveCfg = Debug|Win32
		{45362A64-D8AA-45D7-B602-50E0AEA7426C}.DLL ASM Debug.Build.0 = Debug|Win32
		{45362A64-D8AA-45D7-B602-50E0AEA7426C}.DLL ASM Release.ActiveCfg = Release|Win32
		{45362A64-D8AA-45D7-B602-50E0AEA7426C}.DLL ASM Release.Build.0 = Release|Win32
		{45362A64-D8AA-45D7-B602-50E0AEA7426C}.DLL Debug.ActiveCfg = Debug|Win32
		{45362A64-D8AA-45D7-B602-50E0AEA7426C}.DLL Debug.Build.0 = Debug|Win32
		{45362A64-D8AA-45D7-B602-50E0AEA7426C}.DLL Release.ActiveCfg = Release|Win32
		{45362A64-D8AA-45D7-B602-50E0AEA7426C}.DLL Release.Build.0 = Release|Win32
		{45362A64-D8AA-45D7-B602-50E0AEA7426C}.LIB ASM Debug.ActiveCfg = Debug|Win32
		{45362A64-D8AA-45D7-B602-50E0AEA7426C}.LIB ASM Debug.Build.0 = Debug|Win32
		{45362A64-D8AA-45D7-B602-50E0AEA7426C}.LIB ASM Release.ActiveCfg = Release|Win32
		{45362A64-D8AA-45D7-B602-50E0AEA7426C}.LIB ASM Release.Build.0 = Release|Win32
		{45362A64-D8AA-45D7-B602-50E0AEA7426C}.LIB Debug.ActiveCfg = Debug|Win32
		{45362A64-D8AA-45D7-B602-50E0AEA7426C}.LIB Debug.Build.0 = Debug|Win32
		{45362A64-D8AA-45D7-B602-50E0AEA7426C}.LIB Release.ActiveCfg = Release|Win32
		{45362A64-D8AA-45D7-B602-50E0AEA7426C}.LIB Release.Build.0 = Release|Win32
		{45362A64-D8AA-45D7-B602-50E0AEA7426C}.Release.ActiveCfg = Release|Win32
		{45362A64-D8AA-45D7-B602-50E0AEA7426C}.Release.Build.0 = Release|Win32
		{3DFA7E9D-06E8-431B-B063-93CD8BC2D2F5}.Debug.ActiveCfg = LIB Debug|Win32
		{3DFA7E9D-06E8-431B-B063-93CD8BC2D2F5}.Debug.Build.0 = LIB Debug|Win32
		{3DFA7E9D-06E8-431B-B063-93CD8BC2D2F5}.DLL ASM Debug.ActiveCfg = DLL ASM Debug|Win32
		{3DFA7E9D-06E8-431B-B063-93CD8BC2D2F5}.DLL ASM Debug.Build.0 = DLL ASM Debug|Win32
		{3DFA7E9D-06E8-431B-B063-93CD8BC2D2F5}.DLL ASM Release.ActiveCfg = DLL ASM Release|Win32
		{3DFA7E9D-06E8-431B-B063-93CD8BC2D2F5}.DLL ASM Release.Build.0 = DLL ASM Release|Win32
		{3DFA7E9D-06E8-431B-B063-93CD8BC2D2F5}.DLL Debug.ActiveCfg = DLL Debug|Win32
		{3DFA7E9D-06E8-431B-B063-93CD8BC2D2F5}.DLL Debug.Build.0 = DLL Debug|Win32
		{3DFA7E9D-06E8-431B-B063-93CD8BC2D2F5}.DLL Release.ActiveCfg = DLL Release|Win32
		{3DFA7E9D-06E8-431B-B063-93CD8BC2D2F5}.DLL Release.Build.0 = DLL Release|Win32
		{3DFA7E9D-06E8-431B-B063-93CD8BC2D2F5}.LIB ASM Debug.ActiveCfg = LIB ASM Debug|Win32
		{3DFA7E9D-06E8-431B-B063-93CD8BC2D2F5}.LIB ASM Debug.Build.0 = LIB ASM Debug|Win32
		{3DFA7E9D-06E8-431B-B063-93CD8BC2D2F5}.LIB ASM Release.ActiveCfg = LIB ASM Release|Win32
		{3DFA7E9D-06E8-431B-B063-93CD8BC2D2F5}.LIB ASM Release.Build.0 = LIB ASM Release|Win32
		{3DFA7E9D-06E8-431B-B063-93CD8BC2D2F5}.LIB Debug.ActiveCfg = LIB Debug|Win32
		{3DFA7E9D-06E8-431B-B063-93CD8BC2D2F5}.LIB Debug.Build.0 = LIB Debug|Win32
		{3DFA7E9D-06E8-431B-B063-93CD8BC2D2F5}.LIB Release.ActiveCfg = LIB Release|Win32
		{3DFA7E9D-06E8-431B-B063-93CD8BC2D2F5}.LIB Release.Build.0 = LIB Release|Win32
		{3DFA7E9D-06E8-431B-B063-93CD8BC2D2F5}.Release.ActiveCfg = LIB Release|Win32
		{3DFA7E9D-06E8-431B-B063-93CD8BC2D2F5}.Release.Build.0 = LIB Release|Win32
	EndGlobalSection
	GlobalSection(ExtensibilityGlobals) = postSolution
	EndGlobalSection
	GlobalSection(ExtensibilityAddIns) = postSolution
	EndGlobalSection
EndGlobal
